
Microsoft Visual Studio Solution File, Format Version 12.00
# Visual Studio Version 17
VisualStudioVersion = 17.5.002.0
MinimumVisualStudioVersion = 10.0.40219.1
Project("{2150E333-8FDC-42A3-9474-1A3956D46DE8}") = "csharp-prep", "csharp-prep", "{77258676-44E0-4805-8A93-4B5FA090BF7A}"
EndProject
Project("{9A19103F-16F7-4668-BE54-9A1E7A4F7556}") = "Prep1", "csharp-prep\Prep1\Prep1.csproj", "{C63FC3A5-9158-467E-9968-05B9F510E759}"
EndProject
Project("{9A19103F-16F7-4668-BE54-9A1E7A4F7556}") = "Prep2", "csharp-prep\Prep2\Prep2.csproj", "{1285191E-E280-482B-BE21-81C2D8FE1C25}"
EndProject
Project("{9A19103F-16F7-4668-BE54-9A1E7A4F7556}") = "Prep3", "csharp-prep\Prep3\Prep3.csproj", "{091B0536-F3C5-4A96-96FF-6C6AE9DE4490}"
EndProject
Project("{9A19103F-16F7-4668-BE54-9A1E7A4F7556}") = "Prep4", "csharp-prep\Prep4\Prep4.csproj", "{3B1D5889-D42D-47D9-A209-6C71F65EF7CA}"
EndProject
Project("{9A19103F-16F7-4668-BE54-9A1E7A4F7556}") = "Prep5", "csharp-prep\Prep5\Prep5.csproj", "{4E4F2B04-7DCA-4D13-A266-073D9FEC51E5}"
EndProject
Project("{2150E333-8FDC-42A3-9474-1A3956D46DE8}") = "final", "final", "{9A225336-1599-4F7E-885D-ECDAFD9BEE46}"
EndProject
Project("{9A19103F-16F7-4668-BE54-9A1E7A4F7556}") = "FinalProject", "final\FinalProject\FinalProject.csproj", "{D78F7F6F-0900-48FA-AA29-39BE0F54FF85}"
EndProject
Project("{9A19103F-16F7-4668-BE54-9A1E7A4F7556}") = "Foundation1", "final\Foundation1\Foundation1.csproj", "{257C9495-DCF1-48DD-82C7-7E9CE3E79912}"
EndProject
Project("{9A19103F-16F7-4668-BE54-9A1E7A4F7556}") = "Foundation2", "final\Foundation2\Foundation2.csproj", "{96C7CB3D-9197-4ACE-87EC-4C392CD243FA}"
EndProject
Project("{9A19103F-16F7-4668-BE54-9A1E7A4F7556}") = "Foundation3", "final\Foundation3\Foundation3.csproj", "{9D6E71A4-5A71-4277-814C-803A2141AA7B}"
EndProject
Project("{9A19103F-16F7-4668-BE54-9A1E7A4F7556}") = "Foundation4", "final\Foundation4\Foundation4.csproj", "{113F34DE-858D-4161-918A-9264578969CD}"
EndProject
Project("{2150E333-8FDC-42A3-9474-1A3956D46DE8}") = "prepare", "prepare", "{AEC1D8E8-6053-4FDA-B628-2DBC2C1E3FE6}"
EndProject
Project("{9A19103F-16F7-4668-BE54-9A1E7A4F7556}") = "Learning02", "prepare\Learning02\Learning02.csproj", "{9423DA0C-D146-4E7C-A8FE-E352C3187DBD}"
EndProject
Project("{9A19103F-16F7-4668-BE54-9A1E7A4F7556}") = "Learning03", "prepare\Learning03\Learning03.csproj", "{F5162D36-A8EB-4D89-9DFC-0D716D215ECC}"
EndProject
Project("{9A19103F-16F7-4668-BE54-9A1E7A4F7556}") = "Learning04", "prepare\Learning04\Learning04.csproj", "{CE63EDDB-DB0F-452F-9C1E-EAE6995108DF}"
EndProject
Project("{9A19103F-16F7-4668-BE54-9A1E7A4F7556}") = "Learning05", "prepare\Learning05\Learning05.csproj", "{CB211387-68C4-4361-A417-4F3DE6058D15}"
EndProject
Project("{2150E333-8FDC-42A3-9474-1A3956D46DE8}") = "prove", "prove", "{B20C95E0-0A8F-4194-AE9F-D2671235CC74}"
EndProject
Project("{9A19103F-16F7-4668-BE54-9A1E7A4F7556}") = "Develop02", "prove\Develop02\Develop02.csproj", "{F09FC11F-C625-445F-81D8-9F20E75BA9D7}"
EndProject
Project("{9A19103F-16F7-4668-BE54-9A1E7A4F7556}") = "Develop03", "prove\Develop03\Develop03.csproj", "{9D614236-FD27-4557-9DDB-2F1346ECA9C1}"
EndProject
Project("{9A19103F-16F7-4668-BE54-9A1E7A4F7556}") = "Develop04", "prove\Develop04\Develop04.csproj", "{421AF82C-F672-41DF-8D1A-6845A20E9EE7}"
EndProject
Project("{9A19103F-16F7-4668-BE54-9A1E7A4F7556}") = "Develop05", "prove\Develop05\Develop05.csproj", "{A4E934AB-E9BA-43BC-A814-5DD7045878C4}"
EndProject
Project("{2150E333-8FDC-42A3-9474-1A3956D46DE8}") = "sandbox", "sandbox", "{EC06F435-0A99-4361-800B-8B8FB9D00A31}"
EndProject
Project("{9A19103F-16F7-4668-BE54-9A1E7A4F7556}") = "Sandbox", "sandbox\Sandbox\Sandbox.csproj", "{72BFBA5D-2961-4EEB-8413-953A280163E8}"
EndProject
Global
	GlobalSection(SolutionConfigurationPlatforms) = preSolution
		Debug|Any CPU = Debug|Any CPU
		Release|Any CPU = Release|Any CPU
	EndGlobalSection
	GlobalSection(ProjectConfigurationPlatforms) = postSolution
		{C63FC3A5-9158-467E-9968-05B9F510E759}.Debug|Any CPU.ActiveCfg = Debug|Any CPU
		{C63FC3A5-9158-467E-9968-05B9F510E759}.Debug|Any CPU.Build.0 = Debug|Any CPU
		{C63FC3A5-9158-467E-9968-05B9F510E759}.Release|Any CPU.ActiveCfg = Release|Any CPU
		{C63FC3A5-9158-467E-9968-05B9F510E759}.Release|Any CPU.Build.0 = Release|Any CPU
		{1285191E-E280-482B-BE21-81C2D8FE1C25}.Debug|Any CPU.ActiveCfg = Debug|Any CPU
		{1285191E-E280-482B-BE21-81C2D8FE1C25}.Debug|Any CPU.Build.0 = Debug|Any CPU
		{1285191E-E280-482B-BE21-81C2D8FE1C25}.Release|Any CPU.ActiveCfg = Release|Any CPU
		{1285191E-E280-482B-BE21-81C2D8FE1C25}.Release|Any CPU.Build.0 = Release|Any CPU
		{091B0536-F3C5-4A96-96FF-6C6AE9DE4490}.Debug|Any CPU.ActiveCfg = Debug|Any CPU
		{091B0536-F3C5-4A96-96FF-6C6AE9DE4490}.Debug|Any CPU.Build.0 = Debug|Any CPU
		{091B0536-F3C5-4A96-96FF-6C6AE9DE4490}.Release|Any CPU.ActiveCfg = Release|Any CPU
		{091B0536-F3C5-4A96-96FF-6C6AE9DE4490}.Release|Any CPU.Build.0 = Release|Any CPU
		{3B1D5889-D42D-47D9-A209-6C71F65EF7CA}.Debug|Any CPU.ActiveCfg = Debug|Any CPU
		{3B1D5889-D42D-47D9-A209-6C71F65EF7CA}.Debug|Any CPU.Build.0 = Debug|Any CPU
		{3B1D5889-D42D-47D9-A209-6C71F65EF7CA}.Release|Any CPU.ActiveCfg = Release|Any CPU
		{3B1D5889-D42D-47D9-A209-6C71F65EF7CA}.Release|Any CPU.Build.0 = Release|Any CPU
		{4E4F2B04-7DCA-4D13-A266-073D9FEC51E5}.Debug|Any CPU.ActiveCfg = Debug|Any CPU
		{4E4F2B04-7DCA-4D13-A266-073D9FEC51E5}.Debug|Any CPU.Build.0 = Debug|Any CPU
		{4E4F2B04-7DCA-4D13-A266-073D9FEC51E5}.Release|Any CPU.ActiveCfg = Release|Any CPU
		{4E4F2B04-7DCA-4D13-A266-073D9FEC51E5}.Release|Any CPU.Build.0 = Release|Any CPU
		{D78F7F6F-0900-48FA-AA29-39BE0F54FF85}.Debug|Any CPU.ActiveCfg = Debug|Any CPU
		{D78F7F6F-0900-48FA-AA29-39BE0F54FF85}.Debug|Any CPU.Build.0 = Debug|Any CPU
		{D78F7F6F-0900-48FA-AA29-39BE0F54FF85}.Release|Any CPU.ActiveCfg = Release|Any CPU
		{D78F7F6F-0900-48FA-AA29-39BE0F54FF85}.Release|Any CPU.Build.0 = Release|Any CPU
		{257C9495-DCF1-48DD-82C7-7E9CE3E79912}.Debug|Any CPU.ActiveCfg = Debug|Any CPU
		{257C9495-DCF1-48DD-82C7-7E9CE3E79912}.Debug|Any CPU.Build.0 = Debug|Any CPU
		{257C9495-DCF1-48DD-82C7-7E9CE3E79912}.Release|Any CPU.ActiveCfg = Release|Any CPU
		{257C9495-DCF1-48DD-82C7-7E9CE3E79912}.Release|Any CPU.Build.0 = Release|Any CPU
		{96C7CB3D-9197-4ACE-87EC-4C392CD243FA}.Debug|Any CPU.ActiveCfg = Debug|Any CPU
		{96C7CB3D-9197-4ACE-87EC-4C392CD243FA}.Debug|Any CPU.Build.0 = Debug|Any CPU
		{96C7CB3D-9197-4ACE-87EC-4C392CD243FA}.Release|Any CPU.ActiveCfg = Release|Any CPU
		{96C7CB3D-9197-4ACE-87EC-4C392CD243FA}.Release|Any CPU.Build.0 = Release|Any CPU
		{9D6E71A4-5A71-4277-814C-803A2141AA7B}.Debug|Any CPU.ActiveCfg = Debug|Any CPU
		{9D6E71A4-5A71-4277-814C-803A2141AA7B}.Debug|Any CPU.Build.0 = Debug|Any CPU
		{9D6E71A4-5A71-4277-814C-803A2141AA7B}.Release|Any CPU.ActiveCfg = Release|Any CPU
		{9D6E71A4-5A71-4277-814C-803A2141AA7B}.Release|Any CPU.Build.0 = Release|Any CPU
		{113F34DE-858D-4161-918A-9264578969CD}.Debug|Any CPU.ActiveCfg = Debug|Any CPU
		{113F34DE-858D-4161-918A-9264578969CD}.Debug|Any CPU.Build.0 = Debug|Any CPU
		{113F34DE-858D-4161-918A-9264578969CD}.Release|Any CPU.ActiveCfg = Release|Any CPU
		{113F34DE-858D-4161-918A-9264578969CD}.Release|Any CPU.Build.0 = Release|Any CPU
		{9423DA0C-D146-4E7C-A8FE-E352C3187DBD}.Debug|Any CPU.ActiveCfg = Debug|Any CPU
		{9423DA0C-D146-4E7C-A8FE-E352C3187DBD}.Debug|Any CPU.Build.0 = Debug|Any CPU
		{9423DA0C-D146-4E7C-A8FE-E352C3187DBD}.Release|Any CPU.ActiveCfg = Release|Any CPU
		{9423DA0C-D146-4E7C-A8FE-E352C3187DBD}.Release|Any CPU.Build.0 = Release|Any CPU
		{F5162D36-A8EB-4D89-9DFC-0D716D215ECC}.Debug|Any CPU.ActiveCfg = Debug|Any CPU
		{F5162D36-A8EB-4D89-9DFC-0D716D215ECC}.Debug|Any CPU.Build.0 = Debug|Any CPU
		{F5162D36-A8EB-4D89-9DFC-0D716D215ECC}.Release|Any CPU.ActiveCfg = Release|Any CPU
		{F5162D36-A8EB-4D89-9DFC-0D716D215ECC}.Release|Any CPU.Build.0 = Release|Any CPU
		{CE63EDDB-DB0F-452F-9C1E-EAE6995108DF}.Debug|Any CPU.ActiveCfg = Debug|Any CPU
		{CE63EDDB-DB0F-452F-9C1E-EAE6995108DF}.Debug|Any CPU.Build.0 = Debug|Any CPU
		{CE63EDDB-DB0F-452F-9C1E-EAE6995108DF}.Release|Any CPU.ActiveCfg = Release|Any CPU
		{CE63EDDB-DB0F-452F-9C1E-EAE6995108DF}.Release|Any CPU.Build.0 = Release|Any CPU
		{CB211387-68C4-4361-A417-4F3DE6058D15}.Debug|Any CPU.ActiveCfg = Debug|Any CPU
		{CB211387-68C4-4361-A417-4F3DE6058D15}.Debug|Any CPU.Build.0 = Debug|Any CPU
		{CB211387-68C4-4361-A417-4F3DE6058D15}.Release|Any CPU.ActiveCfg = Release|Any CPU
		{CB211387-68C4-4361-A417-4F3DE6058D15}.Release|Any CPU.Build.0 = Release|Any CPU
		{F09FC11F-C625-445F-81D8-9F20E75BA9D7}.Debug|Any CPU.ActiveCfg = Debug|Any CPU
		{F09FC11F-C625-445F-81D8-9F20E75BA9D7}.Debug|Any CPU.Build.0 = Debug|Any CPU
		{F09FC11F-C625-445F-81D8-9F20E75BA9D7}.Release|Any CPU.ActiveCfg = Release|Any CPU
		{F09FC11F-C625-445F-81D8-9F20E75BA9D7}.Release|Any CPU.Build.0 = Release|Any CPU
		{9D614236-FD27-4557-9DDB-2F1346ECA9C1}.Debug|Any CPU.ActiveCfg = Debug|Any CPU
		{9D614236-FD27-4557-9DDB-2F1346ECA9C1}.Debug|Any CPU.Build.0 = Debug|Any CPU
		{9D614236-FD27-4557-9DDB-2F1346ECA9C1}.Release|Any CPU.ActiveCfg = Release|Any CPU
		{9D614236-FD27-4557-9DDB-2F1346ECA9C1}.Release|Any CPU.Build.0 = Release|Any CPU
		{421AF82C-F672-41DF-8D1A-6845A20E9EE7}.Debug|Any CPU.ActiveCfg = Debug|Any CPU
		{421AF82C-F672-41DF-8D1A-6845A20E9EE7}.Debug|Any CPU.Build.0 = Debug|Any CPU
		{421AF82C-F672-41DF-8D1A-6845A20E9EE7}.Release|Any CPU.ActiveCfg = Release|Any CPU
		{421AF82C-F672-41DF-8D1A-6845A20E9EE7}.Release|Any CPU.Build.0 = Release|Any CPU
		{A4E934AB-E9BA-43BC-A814-5DD7045878C4}.Debug|Any CPU.ActiveCfg = Debug|Any CPU
		{A4E934AB-E9BA-43BC-A814-5DD7045878C4}.Debug|Any CPU.Build.0 = Debug|Any CPU
		{A4E934AB-E9BA-43BC-A814-5DD7045878C4}.Release|Any CPU.ActiveCfg = Release|Any CPU
		{A4E934AB-E9BA-43BC-A814-5DD7045878C4}.Release|Any CPU.Build.0 = Release|Any CPU
		{72BFBA5D-2961-4EEB-8413-953A280163E8}.Debug|Any CPU.ActiveCfg = Debug|Any CPU
		{72BFBA5D-2961-4EEB-8413-953A280163E8}.Debug|Any CPU.Build.0 = Debug|Any CPU
		{72BFBA5D-2961-4EEB-8413-953A280163E8}.Release|Any CPU.ActiveCfg = Release|Any CPU
		{72BFBA5D-2961-4EEB-8413-953A280163E8}.Release|Any CPU.Build.0 = Release|Any CPU
	EndGlobalSection
	GlobalSection(SolutionProperties) = preSolution
		HideSolutionNode = FALSE
	EndGlobalSection
	GlobalSection(NestedProjects) = preSolution
		{C63FC3A5-9158-467E-9968-05B9F510E759} = {77258676-44E0-4805-8A93-4B5FA090BF7A}
		{1285191E-E280-482B-BE21-81C2D8FE1C25} = {77258676-44E0-4805-8A93-4B5FA090BF7A}
		{091B0536-F3C5-4A96-96FF-6C6AE9DE4490} = {77258676-44E0-4805-8A93-4B5FA090BF7A}
		{3B1D5889-D42D-47D9-A209-6C71F65EF7CA} = {77258676-44E0-4805-8A93-4B5FA090BF7A}
		{4E4F2B04-7DCA-4D13-A266-073D9FEC51E5} = {77258676-44E0-4805-8A93-4B5FA090BF7A}
		{D78F7F6F-0900-48FA-AA29-39BE0F54FF85} = {9A225336-1599-4F7E-885D-ECDAFD9BEE46}
		{257C9495-DCF1-48DD-82C7-7E9CE3E79912} = {9A225336-1599-4F7E-885D-ECDAFD9BEE46}
		{96C7CB3D-9197-4ACE-87EC-4C392CD243FA} = {9A225336-1599-4F7E-885D-ECDAFD9BEE46}
		{9D6E71A4-5A71-4277-814C-803A2141AA7B} = {9A225336-1599-4F7E-885D-ECDAFD9BEE46}
		{113F34DE-858D-4161-918A-9264578969CD} = {9A225336-1599-4F7E-885D-ECDAFD9BEE46}
		{9423DA0C-D146-4E7C-A8FE-E352C3187DBD} = {AEC1D8E8-6053-4FDA-B628-2DBC2C1E3FE6}
		{F5162D36-A8EB-4D89-9DFC-0D716D215ECC} = {AEC1D8E8-6053-4FDA-B628-2DBC2C1E3FE6}
		{CE63EDDB-DB0F-452F-9C1E-EAE6995108DF} = {AEC1D8E8-6053-4FDA-B628-2DBC2C1E3FE6}
		{CB211387-68C4-4361-A417-4F3DE6058D15} = {AEC1D8E8-6053-4FDA-B628-2DBC2C1E3FE6}
		{F09FC11F-C625-445F-81D8-9F20E75BA9D7} = {B20C95E0-0A8F-4194-AE9F-D2671235CC74}
		{9D614236-FD27-4557-9DDB-2F1346ECA9C1} = {B20C95E0-0A8F-4194-AE9F-D2671235CC74}
		{421AF82C-F672-41DF-8D1A-6845A20E9EE7} = {B20C95E0-0A8F-4194-AE9F-D2671235CC74}
		{A4E934AB-E9BA-43BC-A814-5DD7045878C4} = {B20C95E0-0A8F-4194-AE9F-D2671235CC74}
		{72BFBA5D-2961-4EEB-8413-953A280163E8} = {EC06F435-0A99-4361-800B-8B8FB9D00A31}
	EndGlobalSection
	GlobalSection(ExtensibilityGlobals) = postSolution
		SolutionGuid = {151E20F3-EC2A-4F8D-9880-C4AD0099E407}
	EndGlobalSection
EndGlobal
